
Microsoft Visual Studio Solution File, Format Version 12.00
# Visual Studio Version 16
VisualStudioVersion = 25.0.1703.5
MinimumVisualStudioVersion = 10.0.40219.1
Project("{FAE04EC0-301F-11D3-BF4B-00C04F79EFBC}") = "age_of_war", "age_of_war.csproj", "{5E92B2B0-EEFF-44B6-B963-5B6A65116086}"
EndProject
Global
	GlobalSection(SolutionConfigurationPlatforms) = preSolution
		Debug|Any CPU = Debug|Any CPU
		Release|Any CPU = Release|Any CPU
	EndGlobalSection
	GlobalSection(ProjectConfigurationPlatforms) = postSolution
		{5E92B2B0-EEFF-44B6-B963-5B6A65116086}.Debug|Any CPU.ActiveCfg = Debug|Any CPU
		{5E92B2B0-EEFF-44B6-B963-5B6A65116086}.Debug|Any CPU.Build.0 = Debug|Any CPU
		{5E92B2B0-EEFF-44B6-B963-5B6A65116086}.Release|Any CPU.ActiveCfg = Release|Any CPU
		{5E92B2B0-EEFF-44B6-B963-5B6A65116086}.Release|Any CPU.Build.0 = Release|Any CPU
	EndGlobalSection
	GlobalSection(SolutionProperties) = preSolution
		HideSolutionNode = FALSE
	EndGlobalSection
	GlobalSection(ExtensibilityGlobals) = postSolution
		SolutionGuid = {9DF697B1-C70D-485A-A384-34E0C73886E2}
	EndGlobalSection
EndGlobal
